// !$*UTF8*$!
{
	archiveVersion = 1;
	classes = {
	};
	objectVersion = 60;
	objects = {

/* Begin PBXBuildFile section */
		00E6772B2CDE77990040F1B7 /* AppDelegate.swift in Sources */ = {isa = PBXBuildFile; fileRef = 00E6772A2CDE77990040F1B7 /* AppDelegate.swift */; };
		00E6772D2CDE77990040F1B7 /* SceneDelegate.swift in Sources */ = {isa = PBXBuildFile; fileRef = 00E6772C2CDE77990040F1B7 /* SceneDelegate.swift */; };
		00E6772F2CDE77990040F1B7 /* ViewController.swift in Sources */ = {isa = PBXBuildFile; fileRef = 00E6772E2CDE77990040F1B7 /* ViewController.swift */; };
		00E677322CDE77990040F1B7 /* Base in Resources */ = {isa = PBXBuildFile; fileRef = 00E677312CDE77990040F1B7 /* Base */; };
		00E677342CDE779B0040F1B7 /* Assets.xcassets in Resources */ = {isa = PBXBuildFile; fileRef = 00E677332CDE779B0040F1B7 /* Assets.xcassets */; };
		00E677372CDE779B0040F1B7 /* Base in Resources */ = {isa = PBXBuildFile; fileRef = 00E677362CDE779B0040F1B7 /* Base */; };
		00E677432CDE7C250040F1B7 /* TaskTableViewCell.xib in Resources */ = {isa = PBXBuildFile; fileRef = 00E677422CDE7C250040F1B7 /* TaskTableViewCell.xib */; };
		00E677442CDE7C250040F1B7 /* TaskTableViewCell.swift in Sources */ = {isa = PBXBuildFile; fileRef = 00E677412CDE7C250040F1B7 /* TaskTableViewCell.swift */; };
		00E677462CDE8A9B0040F1B7 /* ToDoModel.swift in Sources */ = {isa = PBXBuildFile; fileRef = 00E677452CDE8A9B0040F1B7 /* ToDoModel.swift */; };
		00F6B9DB2CDE99F700CF0B20 /* CreateViewController.swift in Sources */ = {isa = PBXBuildFile; fileRef = 00F6B9DA2CDE99F700CF0B20 /* CreateViewController.swift */; };
		00F6B9DD2CDE9A0400CF0B20 /* EditViewController.swift in Sources */ = {isa = PBXBuildFile; fileRef = 00F6B9DC2CDE9A0400CF0B20 /* EditViewController.swift */; };
/* End PBXBuildFile section */

/* Begin PBXFileReference section */
		00E677272CDE77990040F1B7 /* ToDoList1.app */ = {isa = PBXFileReference; explicitFileType = wrapper.application; includeInIndex = 0; path = ToDoList1.app; sourceTree = BUILT_PRODUCTS_DIR; };
		00E6772A2CDE77990040F1B7 /* AppDelegate.swift */ = {isa = PBXFileReference; lastKnownFileType = sourcecode.swift; path = AppDelegate.swift; sourceTree = "<group>"; };
		00E6772C2CDE77990040F1B7 /* SceneDelegate.swift */ = {isa = PBXFileReference; lastKnownFileType = sourcecode.swift; path = SceneDelegate.swift; sourceTree = "<group>"; };
		00E6772E2CDE77990040F1B7 /* ViewController.swift */ = {isa = PBXFileReference; lastKnownFileType = sourcecode.swift; path = ViewController.swift; sourceTree = "<group>"; };
		00E677312CDE77990040F1B7 /* Base */ = {isa = PBXFileReference; lastKnownFileType = file.storyboard; name = Base; path = Base.lproj/Main.storyboard; sourceTree = "<group>"; };
		00E677332CDE779B0040F1B7 /* Assets.xcassets */ = {isa = PBXFileReference; lastKnownFileType = folder.assetcatalog; path = Assets.xcassets; sourceTree = "<group>"; };
		00E677362CDE779B0040F1B7 /* Base */ = {isa = PBXFileReference; lastKnownFileType = file.storyboard; name = Base; path = Base.lproj/LaunchScreen.storyboard; sourceTree = "<group>"; };
		00E677382CDE779B0040F1B7 /* Info.plist */ = {isa = PBXFileReference; lastKnownFileType = text.plist.xml; path = Info.plist; sourceTree = "<group>"; };
		00E677412CDE7C250040F1B7 /* TaskTableViewCell.swift */ = {isa = PBXFileReference; lastKnownFileType = sourcecode.swift; path = TaskTableViewCell.swift; sourceTree = "<group>"; };
		00E677422CDE7C250040F1B7 /* TaskTableViewCell.xib */ = {isa = PBXFileReference; lastKnownFileType = file.xib; path = TaskTableViewCell.xib; sourceTree = "<group>"; };
		00E677452CDE8A9B0040F1B7 /* ToDoModel.swift */ = {isa = PBXFileReference; lastKnownFileType = sourcecode.swift; path = ToDoModel.swift; sourceTree = "<group>"; };
		00F6B9DA2CDE99F700CF0B20 /* CreateViewController.swift */ = {isa = PBXFileReference; lastKnownFileType = sourcecode.swift; path = CreateViewController.swift; sourceTree = "<group>"; };
		00F6B9DC2CDE9A0400CF0B20 /* EditViewController.swift */ = {isa = PBXFileReference; lastKnownFileType = sourcecode.swift; path = EditViewController.swift; sourceTree = "<group>"; };
/* End PBXFileReference section */

/* Begin PBXFrameworksBuildPhase section */
		00E677242CDE77990040F1B7 /* Frameworks */ = {
			isa = PBXFrameworksBuildPhase;
			buildActionMask = 2147483647;
			files = (
			);
			runOnlyForDeploymentPostprocessing = 0;
		};
/* End PBXFrameworksBuildPhase section */

/* Begin PBXGroup section */
		00E6771E2CDE77990040F1B7 = {
			isa = PBXGroup;
			children = (
				00E677292CDE77990040F1B7 /* ToDoList1 */,
				00E677282CDE77990040F1B7 /* Products */,
			);
			sourceTree = "<group>";
		};
		00E677282CDE77990040F1B7 /* Products */ = {
			isa = PBXGroup;
			children = (
				00E677272CDE77990040F1B7 /* ToDoList1.app */,
			);
			name = Products;
			sourceTree = "<group>";
		};
		00E677292CDE77990040F1B7 /* ToDoList1 */ = {
			isa = PBXGroup;
			children = (
				00E677482CDE8AA80040F1B7 /* Model */,
				00E6773E2CDE77B00040F1B7 /* Delegate */,
				00F6B9DE2CDE9A0C00CF0B20 /* Controllers */,
				00E6773F2CDE77C70040F1B7 /* Base */,
				00E677402CDE77D00040F1B7 /* Resources */,
				00E677382CDE779B0040F1B7 /* Info.plist */,
			);
			path = ToDoList1;
			sourceTree = "<group>";
		};
		00E6773E2CDE77B00040F1B7 /* Delegate */ = {
			isa = PBXGroup;
			children = (
				00E6772A2CDE77990040F1B7 /* AppDelegate.swift */,
				00E6772C2CDE77990040F1B7 /* SceneDelegate.swift */,
			);
			path = Delegate;
			sourceTree = "<group>";
		};
		00E6773F2CDE77C70040F1B7 /* Base */ = {
			isa = PBXGroup;
			children = (
				00E677412CDE7C250040F1B7 /* TaskTableViewCell.swift */,
				00E677422CDE7C250040F1B7 /* TaskTableViewCell.xib */,
				00E677302CDE77990040F1B7 /* Main.storyboard */,
				00E677352CDE779B0040F1B7 /* LaunchScreen.storyboard */,
			);
			path = Base;
			sourceTree = "<group>";
		};
		00E677402CDE77D00040F1B7 /* Resources */ = {
			isa = PBXGroup;
			children = (
				00E677332CDE779B0040F1B7 /* Assets.xcassets */,
			);
			path = Resources;
			sourceTree = "<group>";
		};
		00E677482CDE8AA80040F1B7 /* Model */ = {
			isa = PBXGroup;
			children = (
				00E677452CDE8A9B0040F1B7 /* ToDoModel.swift */,
			);
			path = Model;
			sourceTree = "<group>";
		};
		00F6B9DE2CDE9A0C00CF0B20 /* Controllers */ = {
			isa = PBXGroup;
			children = (
				00E6772E2CDE77990040F1B7 /* ViewController.swift */,
				00F6B9DA2CDE99F700CF0B20 /* CreateViewController.swift */,
				00F6B9DC2CDE9A0400CF0B20 /* EditViewController.swift */,
			);
			path = Controllers;
			sourceTree = "<group>";
		};
/* End PBXGroup section */

/* Begin PBXNativeTarget section */
		00E677262CDE77990040F1B7 /* ToDoList1 */ = {
			isa = PBXNativeTarget;
			buildConfigurationList = 00E6773B2CDE779B0040F1B7 /* Build configuration list for PBXNativeTarget "ToDoList1" */;
			buildPhases = (
				00E677232CDE77990040F1B7 /* Sources */,
				00E677242CDE77990040F1B7 /* Frameworks */,
				00E677252CDE77990040F1B7 /* Resources */,
			);
			buildRules = (
			);
			dependencies = (
			);
			name = ToDoList1;
			productName = ToDoList1;
			productReference = 00E677272CDE77990040F1B7 /* ToDoList1.app */;
			productType = "com.apple.product-type.application";
		};
/* End PBXNativeTarget section */

/* Begin PBXProject section */
		00E6771F2CDE77990040F1B7 /* Project object */ = {
			isa = PBXProject;
			attributes = {
				BuildIndependentTargetsInParallel = 1;
				LastSwiftUpdateCheck = 1600;
				LastUpgradeCheck = 1600;
				TargetAttributes = {
					00E677262CDE77990040F1B7 = {
						CreatedOnToolsVersion = 16.0;
					};
				};
			};
			buildConfigurationList = 00E677222CDE77990040F1B7 /* Build configuration list for PBXProject "ToDoList1" */;
			compatibilityVersion = "Xcode 15.0";
			developmentRegion = en;
			hasScannedForEncodings = 0;
			knownRegions = (
				en,
				Base,
			);
			mainGroup = 00E6771E2CDE77990040F1B7;
			productRefGroup = 00E677282CDE77990040F1B7 /* Products */;
			projectDirPath = "";
			projectRoot = "";
			targets = (
				00E677262CDE77990040F1B7 /* ToDoList1 */,
			);
		};
/* End PBXProject section */

/* Begin PBXResourcesBuildPhase section */
		00E677252CDE77990040F1B7 /* Resources */ = {
			isa = PBXResourcesBuildPhase;
			buildActionMask = 2147483647;
			files = (
				00E677432CDE7C250040F1B7 /* TaskTableViewCell.xib in Resources */,
				00E677342CDE779B0040F1B7 /* Assets.xcassets in Resources */,
				00E677372CDE779B0040F1B7 /* Base in Resources */,
				00E677322CDE77990040F1B7 /* Base in Resources */,
			);
			runOnlyForDeploymentPostprocessing = 0;
		};
/* End PBXResourcesBuildPhase section */

/* Begin PBXSourcesBuildPhase section */
		00E677232CDE77990040F1B7 /* Sources */ = {
			isa = PBXSourcesBuildPhase;
			buildActionMask = 2147483647;
			files = (
				00E677442CDE7C250040F1B7 /* TaskTableViewCell.swift in Sources */,
				00E6772F2CDE77990040F1B7 /* ViewController.swift in Sources */,
				00F6B9DB2CDE99F700CF0B20 /* CreateViewController.swift in Sources */,
				00E677462CDE8A9B0040F1B7 /* ToDoModel.swift in Sources */,
				00E6772B2CDE77990040F1B7 /* AppDelegate.swift in Sources */,
				00E6772D2CDE77990040F1B7 /* SceneDelegate.swift in Sources */,
				00F6B9DD2CDE9A0400CF0B20 /* EditViewController.swift in Sources */,
			);
			runOnlyForDeploymentPostprocessing = 0;
		};
/* End PBXSourcesBuildPhase section */

/* Begin PBXVariantGroup section */
		00E677302CDE77990040F1B7 /* Main.storyboard */ = {
			isa = PBXVariantGroup;
			children = (
				00E677312CDE77990040F1B7 /* Base */,
			);
			name = Main.storyboard;
			sourceTree = "<group>";
		};
		00E677352CDE779B0040F1B7 /* LaunchScreen.storyboard */ = {
			isa = PBXVariantGroup;
			children = (
				00E677362CDE779B0040F1B7 /* Base */,
			);
			name = LaunchScreen.storyboard;
			sourceTree = "<group>";
		};
/* End PBXVariantGroup section */

/* Begin XCBuildConfiguration section */
		00E677392CDE779B0040F1B7 /* Debug */ = {
			isa = XCBuildConfiguration;
			buildSettings = {
				ALWAYS_SEARCH_USER_PATHS = NO;
				ASSETCATALOG_COMPILER_GENERATE_SWIFT_ASSET_SYMBOL_EXTENSIONS = YES;
				CLANG_ANALYZER_NONNULL = YES;
				CLANG_ANALYZER_NUMBER_OBJECT_CONVERSION = YES_AGGRESSIVE;
				CLANG_CXX_LANGUAGE_STANDARD = "gnu++20";
				CLANG_ENABLE_MODULES = YES;
				CLANG_ENABLE_OBJC_ARC = YES;
				CLANG_ENABLE_OBJC_WEAK = YES;
				CLANG_WARN_BLOCK_CAPTURE_AUTORELEASING = YES;
				CLANG_WARN_BOOL_CONVERSION = YES;
				CLANG_WARN_COMMA = YES;
				CLANG_WARN_CONSTANT_CONVERSION = YES;
				CLANG_WARN_DEPRECATED_OBJC_IMPLEMENTATIONS = YES;
				CLANG_WARN_DIRECT_OBJC_ISA_USAGE = YES_ERROR;
				CLANG_WARN_DOCUMENTATION_COMMENTS = YES;
				CLANG_WARN_EMPTY_BODY = YES;
				CLANG_WARN_ENUM_CONVERSION = YES;
				CLANG_WARN_INFINITE_RECURSION = YES;
				CLANG_WARN_INT_CONVERSION = YES;
				CLANG_WARN_NON_LITERAL_NULL_CONVERSION = YES;
				CLANG_WARN_OBJC_IMPLICIT_RETAIN_SELF = YES;
				CLANG_WARN_OBJC_LITERAL_CONVERSION = YES;
				CLANG_WARN_OBJC_ROOT_CLASS = YES_ERROR;
				CLANG_WARN_QUOTED_INCLUDE_IN_FRAMEWORK_HEADER = YES;
				CLANG_WARN_RANGE_LOOP_ANALYSIS = YES;
				CLANG_WARN_STRICT_PROTOTYPES = YES;
				CLANG_WARN_SUSPICIOUS_MOVE = YES;
				CLANG_WARN_UNGUARDED_AVAILABILITY = YES_AGGRESSIVE;
				CLANG_WARN_UNREACHABLE_CODE = YES;
				CLANG_WARN__DUPLICATE_METHOD_MATCH = YES;
				COPY_PHASE_STRIP = NO;
				DEBUG_INFORMATION_FORMAT = dwarf;
				ENABLE_STRICT_OBJC_MSGSEND = YES;
				ENABLE_TESTABILITY = YES;
				ENABLE_USER_SCRIPT_SANDBOXING = YES;
				GCC_C_LANGUAGE_STANDARD = gnu17;
				GCC_DYNAMIC_NO_PIC = NO;
				GCC_NO_COMMON_BLOCKS = YES;
				GCC_OPTIMIZATION_LEVEL = 0;
				GCC_PREPROCESSOR_DEFINITIONS = (
					"DEBUG=1",
					"$(inherited)",
				);
				GCC_WARN_64_TO_32_BIT_CONVERSION = YES;
				GCC_WARN_ABOUT_RETURN_TYPE = YES_ERROR;
				GCC_WARN_UNDECLARED_SELECTOR = YES;
				GCC_WARN_UNINITIALIZED_AUTOS = YES_AGGRESSIVE;
				GCC_WARN_UNUSED_FUNCTION = YES;
				GCC_WARN_UNUSED_VARIABLE = YES;
				IPHONEOS_DEPLOYMENT_TARGET = 18.0;
				LOCALIZATION_PREFERS_STRING_CATALOGS = YES;
				MTL_ENABLE_DEBUG_INFO = INCLUDE_SOURCE;
				MTL_FAST_MATH = YES;
				ONLY_ACTIVE_ARCH = YES;
				SDKROOT = iphoneos;
				SWIFT_ACTIVE_COMPILATION_CONDITIONS = "DEBUG $(inherited)";
				SWIFT_OPTIMIZATION_LEVEL = "-Onone";
			};
			name = Debug;
		};
		00E6773A2CDE779B0040F1B7 /* Release */ = {
			isa = XCBuildConfiguration;
			buildSettings = {
				ALWAYS_SEARCH_USER_PATHS = NO;
				ASSETCATALOG_COMPILER_GENERATE_SWIFT_ASSET_SYMBOL_EXTENSIONS = YES;
				CLANG_ANALYZER_NONNULL = YES;
				CLANG_ANALYZER_NUMBER_OBJECT_CONVERSION = YES_AGGRESSIVE;
				CLANG_CXX_LANGUAGE_STANDARD = "gnu++20";
				CLANG_ENABLE_MODULES = YES;
				CLANG_ENABLE_OBJC_ARC = YES;
				CLANG_ENABLE_OBJC_WEAK = YES;
				CLANG_WARN_BLOCK_CAPTURE_AUTORELEASING = YES;
				CLANG_WARN_BOOL_CONVERSION = YES;
				CLANG_WARN_COMMA = YES;
				CLANG_WARN_CONSTANT_CONVERSION = YES;
				CLANG_WARN_DEPRECATED_OBJC_IMPLEMENTATIONS = YES;
				CLANG_WARN_DIRECT_OBJC_ISA_USAGE = YES_ERROR;
				CLANG_WARN_DOCUMENTATION_COMMENTS = YES;
				CLANG_WARN_EMPTY_BODY = YES;
				CLANG_WARN_ENUM_CONVERSION = YES;
				CLANG_WARN_INFINITE_RECURSION = YES;
				CLANG_WARN_INT_CONVERSION = YES;
				CLANG_WARN_NON_LITERAL_NULL_CONVERSION = YES;
				CLANG_WARN_OBJC_IMPLICIT_RETAIN_SELF = YES;
				CLANG_WARN_OBJC_LITERAL_CONVERSION = YES;
				CLANG_WARN_OBJC_ROOT_CLASS = YES_ERROR;
				CLANG_WARN_QUOTED_INCLUDE_IN_FRAMEWORK_HEADER = YES;
				CLANG_WARN_RANGE_LOOP_ANALYSIS = YES;
				CLANG_WARN_STRICT_PROTOTYPES = YES;
				CLANG_WARN_SUSPICIOUS_MOVE = YES;
				CLANG_WARN_UNGUARDED_AVAILABILITY = YES_AGGRESSIVE;
				CLANG_WARN_UNREACHABLE_CODE = YES;
				CLANG_WARN__DUPLICATE_METHOD_MATCH = YES;
				COPY_PHASE_STRIP = NO;
				DEBUG_INFORMATION_FORMAT = "dwarf-with-dsym";
				ENABLE_NS_ASSERTIONS = NO;
				ENABLE_STRICT_OBJC_MSGSEND = YES;
				ENABLE_USER_SCRIPT_SANDBOXING = YES;
				GCC_C_LANGUAGE_STANDARD = gnu17;
				GCC_NO_COMMON_BLOCKS = YES;
				GCC_WARN_64_TO_32_BIT_CONVERSION = YES;
				GCC_WARN_ABOUT_RETURN_TYPE = YES_ERROR;
				GCC_WARN_UNDECLARED_SELECTOR = YES;
				GCC_WARN_UNINITIALIZED_AUTOS = YES_AGGRESSIVE;
				GCC_WARN_UNUSED_FUNCTION = YES;
				GCC_WARN_UNUSED_VARIABLE = YES;
				IPHONEOS_DEPLOYMENT_TARGET = 18.0;
				LOCALIZATION_PREFERS_STRING_CATALOGS = YES;
				MTL_ENABLE_DEBUG_INFO = NO;
				MTL_FAST_MATH = YES;
				SDKROOT = iphoneos;
				SWIFT_COMPILATION_MODE = wholemodule;
				VALIDATE_PRODUCT = YES;
			};
			name = Release;
		};
		00E6773C2CDE779B0040F1B7 /* Debug */ = {
			isa = XCBuildConfiguration;
			buildSettings = {
				ASSETCATALOG_COMPILER_APPICON_NAME = AppIcon;
				ASSETCATALOG_COMPILER_GLOBAL_ACCENT_COLOR_NAME = AccentColor;
				CODE_SIGN_STYLE = Automatic;
				CURRENT_PROJECT_VERSION = 1;
				DEVELOPMENT_TEAM = 438RLR53H4;
				GENERATE_INFOPLIST_FILE = YES;
				INFOPLIST_FILE = ToDoList1/Info.plist;
				INFOPLIST_KEY_UIApplicationSupportsIndirectInputEvents = YES;
				INFOPLIST_KEY_UILaunchStoryboardName = LaunchScreen;
				INFOPLIST_KEY_UIMainStoryboardFile = Main;
				INFOPLIST_KEY_UIRequiresFullScreen = YES;
				INFOPLIST_KEY_UISupportedInterfaceOrientations = UIInterfaceOrientationPortrait;
				IPHONEOS_DEPLOYMENT_TARGET = 15.0;
				LD_RUNPATH_SEARCH_PATHS = (
					"$(inherited)",
					"@executable_path/Frameworks",
				);
				MARKETING_VERSION = 1.0;
				PRODUCT_BUNDLE_IDENTIFIER = com.nguyenlehieu.ToDoList1;
				PRODUCT_NAME = "$(TARGET_NAME)";
				SWIFT_EMIT_LOC_STRINGS = YES;
				SWIFT_VERSION = 5.0;
				TARGETED_DEVICE_FAMILY = "1,2";
			};
			name = Debug;
		};
		00E6773D2CDE779B0040F1B7 /* Release */ = {
			isa = XCBuildConfiguration;
			buildSettings = {
				ASSETCATALOG_COMPILER_APPICON_NAME = AppIcon;
				ASSETCATALOG_COMPILER_GLOBAL_ACCENT_COLOR_NAME = AccentColor;
				CODE_SIGN_STYLE = Automatic;
				CURRENT_PROJECT_VERSION = 1;
				DEVELOPMENT_TEAM = 438RLR53H4;
				GENERATE_INFOPLIST_FILE = YES;
				INFOPLIST_FILE = ToDoList1/Info.plist;
				INFOPLIST_KEY_UIApplicationSupportsIndirectInputEvents = YES;
				INFOPLIST_KEY_UILaunchStoryboardName = LaunchScreen;
				INFOPLIST_KEY_UIMainStoryboardFile = Main;
				INFOPLIST_KEY_UIRequiresFullScreen = YES;
				INFOPLIST_KEY_UISupportedInterfaceOrientations = UIInterfaceOrientationPortrait;
				IPHONEOS_DEPLOYMENT_TARGET = 15.0;
				LD_RUNPATH_SEARCH_PATHS = (
					"$(inherited)",
					"@executable_path/Frameworks",
				);
				MARKETING_VERSION = 1.0;
				PRODUCT_BUNDLE_IDENTIFIER = com.nguyenlehieu.ToDoList1;
				PRODUCT_NAME = "$(TARGET_NAME)";
				SWIFT_EMIT_LOC_STRINGS = YES;
				SWIFT_VERSION = 5.0;
				TARGETED_DEVICE_FAMILY = "1,2";
			};
			name = Release;
		};
/* End XCBuildConfiguration section */

/* Begin XCConfigurationList section */
		00E677222CDE77990040F1B7 /* Build configuration list for PBXProject "ToDoList1" */ = {
			isa = XCConfigurationList;
			buildConfigurations = (
				00E677392CDE779B0040F1B7 /* Debug */,
				00E6773A2CDE779B0040F1B7 /* Release */,
			);
			defaultConfigurationIsVisible = 0;
			defaultConfigurationName = Release;
		};
		00E6773B2CDE779B0040F1B7 /* Build configuration list for PBXNativeTarget "ToDoList1" */ = {
			isa = XCConfigurationList;
			buildConfigurations = (
				00E6773C2CDE779B0040F1B7 /* Debug */,
				00E6773D2CDE779B0040F1B7 /* Release */,
			);
			defaultConfigurationIsVisible = 0;
			defaultConfigurationName = Release;
		};
/* End XCConfigurationList section */
	};
	rootObject = 00E6771F2CDE77990040F1B7 /* Project object */;
}
